
Microsoft Visual Studio Solution File, Format Version 12.00
# Visual Studio Version 16
VisualStudioVersion = 16.0.30204.135
MinimumVisualStudioVersion = 10.0.40219.1
Project("{FAE04EC0-301F-11D3-BF4B-00C04F79EFBC}") = "TicTacToe_ConsoleApp", "TicTacToe_ConsoleApp\TicTacToe_ConsoleApp.csproj", "{792F3107-97E6-455B-85A5-529CA5EC14BA}"
EndProject
Global
	GlobalSection(SolutionConfigurationPlatforms) = preSolution
		Debug|Any CPU = Debug|Any CPU
		Release|Any CPU = Release|Any CPU
	EndGlobalSection
	GlobalSection(ProjectConfigurationPlatforms) = postSolution
		{792F3107-97E6-455B-85A5-529CA5EC14BA}.Debug|Any CPU.ActiveCfg = Debug|Any CPU
		{792F3107-97E6-455B-85A5-529CA5EC14BA}.Debug|Any CPU.Build.0 = Debug|Any CPU
		{792F3107-97E6-455B-85A5-529CA5EC14BA}.Release|Any CPU.ActiveCfg = Release|Any CPU
		{792F3107-97E6-455B-85A5-529CA5EC14BA}.Release|Any CPU.Build.0 = Release|Any CPU
	EndGlobalSection
	GlobalSection(SolutionProperties) = preSolution
		HideSolutionNode = FALSE
	EndGlobalSection
	GlobalSection(ExtensibilityGlobals) = postSolution
		SolutionGuid = {3A782DC2-922D-4987-AFBF-C22324E94694}
	EndGlobalSection
EndGlobal
